
Microsoft Visual Studio Solution File, Format Version 12.00
Project("{FAE04EC0-301F-11D3-BF4B-00C04F79EFBC}") = "Lab2", "Lab2\Lab2.csproj", "{C83C4EBF-878C-4197-AB63-401E045CAE48}"
EndProject
Project("{FAE04EC0-301F-11D3-BF4B-00C04F79EFBC}") = "Lab4", "Lab4\Lab4.csproj", "{6513D3BA-9DB0-420F-86DD-389ADA2BEDC1}"
EndProject
Project("{FAE04EC0-301F-11D3-BF4B-00C04F79EFBC}") = "Lab5", "Lab5\Lab5.csproj", "{1CE228E6-E277-429B-A58C-896BC01E5ACD}"
EndProject
Project("{FAE04EC0-301F-11D3-BF4B-00C04F79EFBC}") = "Lab6", "Lab6\Lab6.csproj", "{0F81BDA4-F1D9-43F9-89B6-8A4D483195E6}"
EndProject
Project("{FAE04EC0-301F-11D3-BF4B-00C04F79EFBC}") = "Lab7", "Lab7\Lab7.csproj", "{C7C02D8F-4B7C-44FF-B8F6-DAC923F0D0DC}"
EndProject
Global
	GlobalSection(SolutionConfigurationPlatforms) = preSolution
		Debug|Any CPU = Debug|Any CPU
		Release|Any CPU = Release|Any CPU
	EndGlobalSection
	GlobalSection(ProjectConfigurationPlatforms) = postSolution
		{C83C4EBF-878C-4197-AB63-401E045CAE48}.Debug|Any CPU.ActiveCfg = Debug|Any CPU
		{C83C4EBF-878C-4197-AB63-401E045CAE48}.Debug|Any CPU.Build.0 = Debug|Any CPU
		{C83C4EBF-878C-4197-AB63-401E045CAE48}.Release|Any CPU.ActiveCfg = Release|Any CPU
		{C83C4EBF-878C-4197-AB63-401E045CAE48}.Release|Any CPU.Build.0 = Release|Any CPU
		{6513D3BA-9DB0-420F-86DD-389ADA2BEDC1}.Debug|Any CPU.ActiveCfg = Debug|Any CPU
		{6513D3BA-9DB0-420F-86DD-389ADA2BEDC1}.Debug|Any CPU.Build.0 = Debug|Any CPU
		{6513D3BA-9DB0-420F-86DD-389ADA2BEDC1}.Release|Any CPU.ActiveCfg = Release|Any CPU
		{6513D3BA-9DB0-420F-86DD-389ADA2BEDC1}.Release|Any CPU.Build.0 = Release|Any CPU
		{1CE228E6-E277-429B-A58C-896BC01E5ACD}.Debug|Any CPU.ActiveCfg = Debug|Any CPU
		{1CE228E6-E277-429B-A58C-896BC01E5ACD}.Debug|Any CPU.Build.0 = Debug|Any CPU
		{1CE228E6-E277-429B-A58C-896BC01E5ACD}.Release|Any CPU.ActiveCfg = Release|Any CPU
		{1CE228E6-E277-429B-A58C-896BC01E5ACD}.Release|Any CPU.Build.0 = Release|Any CPU
		{0F81BDA4-F1D9-43F9-89B6-8A4D483195E6}.Debug|Any CPU.ActiveCfg = Debug|Any CPU
		{0F81BDA4-F1D9-43F9-89B6-8A4D483195E6}.Debug|Any CPU.Build.0 = Debug|Any CPU
		{0F81BDA4-F1D9-43F9-89B6-8A4D483195E6}.Release|Any CPU.ActiveCfg = Release|Any CPU
		{0F81BDA4-F1D9-43F9-89B6-8A4D483195E6}.Release|Any CPU.Build.0 = Release|Any CPU
		{C7C02D8F-4B7C-44FF-B8F6-DAC923F0D0DC}.Debug|Any CPU.ActiveCfg = Debug|Any CPU
		{C7C02D8F-4B7C-44FF-B8F6-DAC923F0D0DC}.Debug|Any CPU.Build.0 = Debug|Any CPU
		{C7C02D8F-4B7C-44FF-B8F6-DAC923F0D0DC}.Release|Any CPU.ActiveCfg = Release|Any CPU
		{C7C02D8F-4B7C-44FF-B8F6-DAC923F0D0DC}.Release|Any CPU.Build.0 = Release|Any CPU
	EndGlobalSection
EndGlobal
